dependencies:
- name: mongodb
  repository: https://charts.bitnami.com/bitnami
  version: 15.6.12
- name: nx-cloud
  repository: https://nrwl.github.io/nx-cloud-helm
  version: 0.11.1
digest: sha256:cae5ca008bd78fb6fe2b0f9fdd746165d6a03f4cce4375ab11bc61735a3858ec
generated: "2024-07-01T09:55:11.262051265Z"
