dependencies:
- name: mongodb
  repository: https://charts.bitnami.com/bitnami
  version: 13.18.5
- name: nx-cloud
  repository: https://nrwl.github.io/nx-cloud-helm
  version: 1.2.6
digest: sha256:6c995ad6d1e8d83c5f7701bf696c0254680748f369b502a601e8a2fbd757075d
generated: "2026-08-26T18:05:09.041175415Z"
