dependencies:
- name: mongodb
  repository: https://charts.bitnami.com/bitnami
  version: 16.5.45
- name: nx-cloud
  repository: https://nrwl.github.io/nx-cloud-helm
  version: 0.11.1
digest: sha256:e958946ae0a7c162a7128684f0ada9201585763c5aa2965ebaa78ecf81c3c7bd
generated: "2025-08-22T11:47:02.436152056Z"
